
Microsoft Visual Studio Solution File, Format Version 12.00
# Visual Studio Version 16
VisualStudioVersion = 16.0.31129.286
MinimumVisualStudioVersion = 10.0.40219.1
Project("{FAE04EC0-301F-11D3-BF4B-00C04F79EFBC}") = "publishapp", "publishapp\publishapp.csproj", "{DAC3958E-FDD1-4DE0-8E60-AFF0E9639DC3}"
EndProject
Global
	GlobalSection(SolutionConfigurationPlatforms) = preSolution
		Debug|Any CPU = Debug|Any CPU
		Release|Any CPU = Release|Any CPU
	EndGlobalSection
	GlobalSection(ProjectConfigurationPlatforms) = postSolution
		{DAC3958E-FDD1-4DE0-8E60-AFF0E9639DC3}.Debug|Any CPU.ActiveCfg = Debug|Any CPU
		{DAC3958E-FDD1-4DE0-8E60-AFF0E9639DC3}.Debug|Any CPU.Build.0 = Debug|Any CPU
		{DAC3958E-FDD1-4DE0-8E60-AFF0E9639DC3}.Release|Any CPU.ActiveCfg = Release|Any CPU
		{DAC3958E-FDD1-4DE0-8E60-AFF0E9639DC3}.Release|Any CPU.Build.0 = Release|Any CPU
	EndGlobalSection
	GlobalSection(SolutionProperties) = preSolution
		HideSolutionNode = FALSE
	EndGlobalSection
	GlobalSection(ExtensibilityGlobals) = postSolution
		SolutionGuid = {C64C3FD9-6BEC-4FF6-86C9-237536D848F3}
	EndGlobalSection
EndGlobal
